
Microsoft Visual Studio Solution File, Format Version 12.00
# Visual Studio Version 17
VisualStudioVersion = 17.3.32922.545
MinimumVisualStudioVersion = 10.0.40219.1
Project("{8BC9CEB8-8B4A-11D0-8D11-00A0C91BC942}") = "Peshitta", "Peshitta\Peshitta.vcxproj", "{53D73CF6-7F25-473D-B2DB-56DFBD03C318}"
	ProjectSection(ProjectDependencies) = postProject
		{A43A24A5-37B0-4F80-8FD0-60D35CB62795} = {A43A24A5-37B0-4F80-8FD0-60D35CB62795}
		{F1AA1F04-CAAD-4EDF-A31D-15F66E6DD87F} = {F1AA1F04-CAAD-4EDF-A31D-15F66E6DD87F}
	EndProjectSection
EndProject
Project("{8BC9CEB8-8B4A-11D0-8D11-00A0C91BC942}") = "sqlite", "sqlite\sqlite.vcxproj", "{A43A24A5-37B0-4F80-8FD0-60D35CB62795}"
EndProject
Project("{8BC9CEB8-8B4A-11D0-8D11-00A0C91BC942}") = "shell", "shell\shell.vcxproj", "{987821FA-57D5-4BA0-A58F-620EE1082B6C}"
	ProjectSection(ProjectDependencies) = postProject
		{A43A24A5-37B0-4F80-8FD0-60D35CB62795} = {A43A24A5-37B0-4F80-8FD0-60D35CB62795}
	EndProjectSection
EndProject
Project("{8BC9CEB8-8B4A-11D0-8D11-00A0C91BC942}") = "winbase", "winbase\winbase.vcxproj", "{F1AA1F04-CAAD-4EDF-A31D-15F66E6DD87F}"
EndProject
Global
	GlobalSection(SolutionConfigurationPlatforms) = preSolution
		Debug|x64 = Debug|x64
		Release|x64 = Release|x64
	EndGlobalSection
	GlobalSection(ProjectConfigurationPlatforms) = postSolution
		{53D73CF6-7F25-473D-B2DB-56DFBD03C318}.Debug|x64.ActiveCfg = Debug|x64
		{53D73CF6-7F25-473D-B2DB-56DFBD03C318}.Debug|x64.Build.0 = Debug|x64
		{53D73CF6-7F25-473D-B2DB-56DFBD03C318}.Release|x64.ActiveCfg = Release|x64
		{53D73CF6-7F25-473D-B2DB-56DFBD03C318}.Release|x64.Build.0 = Release|x64
		{A43A24A5-37B0-4F80-8FD0-60D35CB62795}.Debug|x64.ActiveCfg = Debug|x64
		{A43A24A5-37B0-4F80-8FD0-60D35CB62795}.Debug|x64.Build.0 = Debug|x64
		{A43A24A5-37B0-4F80-8FD0-60D35CB62795}.Release|x64.ActiveCfg = Release|x64
		{A43A24A5-37B0-4F80-8FD0-60D35CB62795}.Release|x64.Build.0 = Release|x64
		{987821FA-57D5-4BA0-A58F-620EE1082B6C}.Debug|x64.ActiveCfg = Debug|x64
		{987821FA-57D5-4BA0-A58F-620EE1082B6C}.Debug|x64.Build.0 = Debug|x64
		{987821FA-57D5-4BA0-A58F-620EE1082B6C}.Release|x64.ActiveCfg = Release|x64
		{987821FA-57D5-4BA0-A58F-620EE1082B6C}.Release|x64.Build.0 = Release|x64
		{F1AA1F04-CAAD-4EDF-A31D-15F66E6DD87F}.Debug|x64.ActiveCfg = Debug|x64
		{F1AA1F04-CAAD-4EDF-A31D-15F66E6DD87F}.Debug|x64.Build.0 = Debug|x64
		{F1AA1F04-CAAD-4EDF-A31D-15F66E6DD87F}.Release|x64.ActiveCfg = Release|x64
		{F1AA1F04-CAAD-4EDF-A31D-15F66E6DD87F}.Release|x64.Build.0 = Release|x64
	EndGlobalSection
	GlobalSection(SolutionProperties) = preSolution
		HideSolutionNode = FALSE
	EndGlobalSection
	GlobalSection(ExtensibilityGlobals) = postSolution
		SolutionGuid = {AC7A462E-6FFF-401A-A7E3-7B3E4A50BAD9}
	EndGlobalSection
EndGlobal
